
Microsoft Visual Studio Solution File, Format Version 12.00
# Visual Studio 15
VisualStudioVersion = 15.0.27130.2020
MinimumVisualStudioVersion = 10.0.40219.1
Project("{FAE04EC0-301F-11D3-BF4B-00C04F79EFBC}") = "Module.Android", "CrossApp\CrossApp.Android\Module.Android.csproj", "{7F832575-E187-469E-BA21-88467B77B4B9}"
EndProject
Project("{FAE04EC0-301F-11D3-BF4B-00C04F79EFBC}") = "Module.UWP", "CrossApp\CrossApp.UWP\Module.UWP.csproj", "{7A678027-22B0-4989-8A87-8BD72FB0F04D}"
EndProject
Project("{D954291E-2A0B-460D-934E-DC6B0785DB48}") = "CrossApp", "CrossApp\CrossApp\CrossApp.shproj", "{156A1ACB-8624-4CA2-A919-2073DDBEA537}"
EndProject
Global
	GlobalSection(SharedMSBuildProjectFiles) = preSolution
		CrossApp\CrossApp\CrossApp.projitems*{156a1acb-8624-4ca2-a919-2073ddbea537}*SharedItemsImports = 13
		CrossApp\CrossApp\CrossApp.projitems*{7a678027-22b0-4989-8a87-8bd72fb0f04d}*SharedItemsImports = 4
		CrossApp\CrossApp\CrossApp.projitems*{7f832575-e187-469e-ba21-88467b77b4b9}*SharedItemsImports = 4
	EndGlobalSection
	GlobalSection(SolutionConfigurationPlatforms) = preSolution
		Ad-Hoc|Any CPU = Ad-Hoc|Any CPU
		Ad-Hoc|ARM = Ad-Hoc|ARM
		Ad-Hoc|iPhone = Ad-Hoc|iPhone
		Ad-Hoc|iPhoneSimulator = Ad-Hoc|iPhoneSimulator
		Ad-Hoc|x64 = Ad-Hoc|x64
		Ad-Hoc|x86 = Ad-Hoc|x86
		AppStore|Any CPU = AppStore|Any CPU
		AppStore|ARM = AppStore|ARM
		AppStore|iPhone = AppStore|iPhone
		AppStore|iPhoneSimulator = AppStore|iPhoneSimulator
		AppStore|x64 = AppStore|x64
		AppStore|x86 = AppStore|x86
		Debug|Any CPU = Debug|Any CPU
		Debug|ARM = Debug|ARM
		Debug|iPhone = Debug|iPhone
		Debug|iPhoneSimulator = Debug|iPhoneSimulator
		Debug|x64 = Debug|x64
		Debug|x86 = Debug|x86
		Release|Any CPU = Release|Any CPU
		Release|ARM = Release|ARM
		Release|iPhone = Release|iPhone
		Release|iPhoneSimulator = Release|iPhoneSimulator
		Release|x64 = Release|x64
		Release|x86 = Release|x86
	EndGlobalSection
	GlobalSection(ProjectConfigurationPlatforms) = postSolution
		{7F832575-E187-469E-BA21-88467B77B4B9}.Ad-Hoc|Any CPU.ActiveCfg = Release|Any CPU
		{7F832575-E187-469E-BA21-88467B77B4B9}.Ad-Hoc|Any CPU.Build.0 = Release|Any CPU
		{7F832575-E187-469E-BA21-88467B77B4B9}.Ad-Hoc|Any CPU.Deploy.0 = Release|Any CPU
		{7F832575-E187-469E-BA21-88467B77B4B9}.Ad-Hoc|ARM.ActiveCfg = Release|Any CPU
		{7F832575-E187-469E-BA21-88467B77B4B9}.Ad-Hoc|ARM.Build.0 = Release|Any CPU
		{7F832575-E187-469E-BA21-88467B77B4B9}.Ad-Hoc|ARM.Deploy.0 = Release|Any CPU
		{7F832575-E187-469E-BA21-88467B77B4B9}.Ad-Hoc|iPhone.ActiveCfg = Release|Any CPU
		{7F832575-E187-469E-BA21-88467B77B4B9}.Ad-Hoc|iPhone.Build.0 = Release|Any CPU
		{7F832575-E187-469E-BA21-88467B77B4B9}.Ad-Hoc|iPhone.Deploy.0 = Release|Any CPU
		{7F832575-E187-469E-BA21-88467B77B4B9}.Ad-Hoc|iPhoneSimulator.ActiveCfg = Release|Any CPU
		{7F832575-E187-469E-BA21-88467B77B4B9}.Ad-Hoc|iPhoneSimulator.Build.0 = Release|Any CPU
		{7F832575-E187-469E-BA21-88467B77B4B9}.Ad-Hoc|iPhoneSimulator.Deploy.0 = Release|Any CPU
		{7F832575-E187-469E-BA21-88467B77B4B9}.Ad-Hoc|x64.ActiveCfg = Release|Any CPU
		{7F832575-E187-469E-BA21-88467B77B4B9}.Ad-Hoc|x64.Build.0 = Release|Any CPU
		{7F832575-E187-469E-BA21-88467B77B4B9}.Ad-Hoc|x64.Deploy.0 = Release|Any CPU
		{7F832575-E187-469E-BA21-88467B77B4B9}.Ad-Hoc|x86.ActiveCfg = Release|Any CPU
		{7F832575-E187-469E-BA21-88467B77B4B9}.Ad-Hoc|x86.Build.0 = Release|Any CPU
		{7F832575-E187-469E-BA21-88467B77B4B9}.Ad-Hoc|x86.Deploy.0 = Release|Any CPU
		{7F832575-E187-469E-BA21-88467B77B4B9}.AppStore|Any CPU.ActiveCfg = Release|Any CPU
		{7F832575-E187-469E-BA21-88467B77B4B9}.AppStore|Any CPU.Build.0 = Release|Any CPU
		{7F832575-E187-469E-BA21-88467B77B4B9}.AppStore|Any CPU.Deploy.0 = Release|Any CPU
		{7F832575-E187-469E-BA21-88467B77B4B9}.AppStore|ARM.ActiveCfg = Release|Any CPU
		{7F832575-E187-469E-BA21-88467B77B4B9}.AppStore|ARM.Build.0 = Release|Any CPU
		{7F832575-E187-469E-BA21-88467B77B4B9}.AppStore|ARM.Deploy.0 = Release|Any CPU
		{7F832575-E187-469E-BA21-88467B77B4B9}.AppStore|iPhone.ActiveCfg = Release|Any CPU
		{7F832575-E187-469E-BA21-88467B77B4B9}.AppStore|iPhone.Build.0 = Release|Any CPU
		{7F832575-E187-469E-BA21-88467B77B4B9}.AppStore|iPhone.Deploy.0 = Release|Any CPU
		{7F832575-E187-469E-BA21-88467B77B4B9}.AppStore|iPhoneSimulator.ActiveCfg = Release|Any CPU
		{7F832575-E187-469E-BA21-88467B77B4B9}.AppStore|iPhoneSimulator.Build.0 = Release|Any CPU
		{7F832575-E187-469E-BA21-88467B77B4B9}.AppStore|iPhoneSimulator.Deploy.0 = Release|Any CPU
		{7F832575-E187-469E-BA21-88467B77B4B9}.AppStore|x64.ActiveCfg = Release|Any CPU
		{7F832575-E187-469E-BA21-88467B77B4B9}.AppStore|x64.Build.0 = Release|Any CPU
		{7F832575-E187-469E-BA21-88467B77B4B9}.AppStore|x64.Deploy.0 = Release|Any CPU
		{7F832575-E187-469E-BA21-88467B77B4B9}.AppStore|x86.ActiveCfg = Release|Any CPU
		{7F832575-E187-469E-BA21-88467B77B4B9}.AppStore|x86.Build.0 = Release|Any CPU
		{7F832575-E187-469E-BA21-88467B77B4B9}.AppStore|x86.Deploy.0 = Release|Any CPU
		{7F832575-E187-469E-BA21-88467B77B4B9}.Debug|Any CPU.ActiveCfg = Debug|Any CPU
		{7F832575-E187-469E-BA21-88467B77B4B9}.Debug|Any CPU.Build.0 = Debug|Any CPU
		{7F832575-E187-469E-BA21-88467B77B4B9}.Debug|Any CPU.Deploy.0 = Debug|Any CPU
		{7F832575-E187-469E-BA21-88467B77B4B9}.Debug|ARM.ActiveCfg = Debug|Any CPU
		{7F832575-E187-469E-BA21-88467B77B4B9}.Debug|ARM.Build.0 = Debug|Any CPU
		{7F832575-E187-469E-BA21-88467B77B4B9}.Debug|ARM.Deploy.0 = Debug|Any CPU
		{7F832575-E187-469E-BA21-88467B77B4B9}.Debug|iPhone.ActiveCfg = Debug|Any CPU
		{7F832575-E187-469E-BA21-88467B77B4B9}.Debug|iPhone.Build.0 = Debug|Any CPU
		{7F832575-E187-469E-BA21-88467B77B4B9}.Debug|iPhone.Deploy.0 = Debug|Any CPU
		{7F832575-E187-469E-BA21-88467B77B4B9}.Debug|iPhoneSimulator.ActiveCfg = Debug|Any CPU
		{7F832575-E187-469E-BA21-88467B77B4B9}.Debug|iPhoneSimulator.Build.0 = Debug|Any CPU
		{7F832575-E187-469E-BA21-88467B77B4B9}.Debug|iPhoneSimulator.Deploy.0 = Debug|Any CPU
		{7F832575-E187-469E-BA21-88467B77B4B9}.Debug|x64.ActiveCfg = Debug|Any CPU
		{7F832575-E187-469E-BA21-88467B77B4B9}.Debug|x64.Build.0 = Debug|Any CPU
		{7F832575-E187-469E-BA21-88467B77B4B9}.Debug|x64.Deploy.0 = Debug|Any CPU
		{7F832575-E187-469E-BA21-88467B77B4B9}.Debug|x86.ActiveCfg = Debug|Any CPU
		{7F832575-E187-469E-BA21-88467B77B4B9}.Debug|x86.Build.0 = Debug|Any CPU
		{7F832575-E187-469E-BA21-88467B77B4B9}.Debug|x86.Deploy.0 = Debug|Any CPU
		{7F832575-E187-469E-BA21-88467B77B4B9}.Release|Any CPU.ActiveCfg = Release|Any CPU
		{7F832575-E187-469E-BA21-88467B77B4B9}.Release|Any CPU.Build.0 = Release|Any CPU
		{7F832575-E187-469E-BA21-88467B77B4B9}.Release|Any CPU.Deploy.0 = Release|Any CPU
		{7F832575-E187-469E-BA21-88467B77B4B9}.Release|ARM.ActiveCfg = Release|Any CPU
		{7F832575-E187-469E-BA21-88467B77B4B9}.Release|ARM.Build.0 = Release|Any CPU
		{7F832575-E187-469E-BA21-88467B77B4B9}.Release|ARM.Deploy.0 = Release|Any CPU
		{7F832575-E187-469E-BA21-88467B77B4B9}.Release|iPhone.ActiveCfg = Release|Any CPU
		{7F832575-E187-469E-BA21-88467B77B4B9}.Release|iPhone.Build.0 = Release|Any CPU
		{7F832575-E187-469E-BA21-88467B77B4B9}.Release|iPhone.Deploy.0 = Release|Any CPU
		{7F832575-E187-469E-BA21-88467B77B4B9}.Release|iPhoneSimulator.ActiveCfg = Release|Any CPU
		{7F832575-E187-469E-BA21-88467B77B4B9}.Release|iPhoneSimulator.Build.0 = Release|Any CPU
		{7F832575-E187-469E-BA21-88467B77B4B9}.Release|iPhoneSimulator.Deploy.0 = Release|Any CPU
		{7F832575-E187-469E-BA21-88467B77B4B9}.Release|x64.ActiveCfg = Release|Any CPU
		{7F832575-E187-469E-BA21-88467B77B4B9}.Release|x64.Build.0 = Release|Any CPU
		{7F832575-E187-469E-BA21-88467B77B4B9}.Release|x64.Deploy.0 = Release|Any CPU
		{7F832575-E187-469E-BA21-88467B77B4B9}.Release|x86.ActiveCfg = Release|Any CPU
		{7F832575-E187-469E-BA21-88467B77B4B9}.Release|x86.Build.0 = Release|Any CPU
		{7F832575-E187-469E-BA21-88467B77B4B9}.Release|x86.Deploy.0 = Release|Any CPU
		{7A678027-22B0-4989-8A87-8BD72FB0F04D}.Ad-Hoc|Any CPU.ActiveCfg = Release|x86
		{7A678027-22B0-4989-8A87-8BD72FB0F04D}.Ad-Hoc|Any CPU.Build.0 = Release|x86
		{7A678027-22B0-4989-8A87-8BD72FB0F04D}.Ad-Hoc|Any CPU.Deploy.0 = Release|x86
		{7A678027-22B0-4989-8A87-8BD72FB0F04D}.Ad-Hoc|ARM.ActiveCfg = Release|ARM
		{7A678027-22B0-4989-8A87-8BD72FB0F04D}.Ad-Hoc|ARM.Build.0 = Release|ARM
		{7A678027-22B0-4989-8A87-8BD72FB0F04D}.Ad-Hoc|ARM.Deploy.0 = Release|ARM
		{7A678027-22B0-4989-8A87-8BD72FB0F04D}.Ad-Hoc|iPhone.ActiveCfg = Release|x86
		{7A678027-22B0-4989-8A87-8BD72FB0F04D}.Ad-Hoc|iPhone.Build.0 = Release|x86
		{7A678027-22B0-4989-8A87-8BD72FB0F04D}.Ad-Hoc|iPhone.Deploy.0 = Release|x86
		{7A678027-22B0-4989-8A87-8BD72FB0F04D}.Ad-Hoc|iPhoneSimulator.ActiveCfg = Release|x86
		{7A678027-22B0-4989-8A87-8BD72FB0F04D}.Ad-Hoc|iPhoneSimulator.Build.0 = Release|x86
		{7A678027-22B0-4989-8A87-8BD72FB0F04D}.Ad-Hoc|iPhoneSimulator.Deploy.0 = Release|x86
		{7A678027-22B0-4989-8A87-8BD72FB0F04D}.Ad-Hoc|x64.ActiveCfg = Release|x64
		{7A678027-22B0-4989-8A87-8BD72FB0F04D}.Ad-Hoc|x64.Build.0 = Release|x64
		{7A678027-22B0-4989-8A87-8BD72FB0F04D}.Ad-Hoc|x64.Deploy.0 = Release|x64
		{7A678027-22B0-4989-8A87-8BD72FB0F04D}.Ad-Hoc|x86.ActiveCfg = Release|x86
		{7A678027-22B0-4989-8A87-8BD72FB0F04D}.Ad-Hoc|x86.Build.0 = Release|x86
		{7A678027-22B0-4989-8A87-8BD72FB0F04D}.Ad-Hoc|x86.Deploy.0 = Release|x86
		{7A678027-22B0-4989-8A87-8BD72FB0F04D}.AppStore|Any CPU.ActiveCfg = Release|x86
		{7A678027-22B0-4989-8A87-8BD72FB0F04D}.AppStore|Any CPU.Build.0 = Release|x86
		{7A678027-22B0-4989-8A87-8BD72FB0F04D}.AppStore|Any CPU.Deploy.0 = Release|x86
		{7A678027-22B0-4989-8A87-8BD72FB0F04D}.AppStore|ARM.ActiveCfg = Release|ARM
		{7A678027-22B0-4989-8A87-8BD72FB0F04D}.AppStore|ARM.Build.0 = Release|ARM
		{7A678027-22B0-4989-8A87-8BD72FB0F04D}.AppStore|ARM.Deploy.0 = Release|ARM
		{7A678027-22B0-4989-8A87-8BD72FB0F04D}.AppStore|iPhone.ActiveCfg = Release|x86
		{7A678027-22B0-4989-8A87-8BD72FB0F04D}.AppStore|iPhone.Build.0 = Release|x86
		{7A678027-22B0-4989-8A87-8BD72FB0F04D}.AppStore|iPhone.Deploy.0 = Release|x86
		{7A678027-22B0-4989-8A87-8BD72FB0F04D}.AppStore|iPhoneSimulator.ActiveCfg = Release|x86
		{7A678027-22B0-4989-8A87-8BD72FB0F04D}.AppStore|iPhoneSimulator.Build.0 = Release|x86
		{7A678027-22B0-4989-8A87-8BD72FB0F04D}.AppStore|iPhoneSimulator.Deploy.0 = Release|x86
		{7A678027-22B0-4989-8A87-8BD72FB0F04D}.AppStore|x64.ActiveCfg = Release|x64
		{7A678027-22B0-4989-8A87-8BD72FB0F04D}.AppStore|x64.Build.0 = Release|x64
		{7A678027-22B0-4989-8A87-8BD72FB0F04D}.AppStore|x64.Deploy.0 = Release|x64
		{7A678027-22B0-4989-8A87-8BD72FB0F04D}.AppStore|x86.ActiveCfg = Release|x86
		{7A678027-22B0-4989-8A87-8BD72FB0F04D}.AppStore|x86.Build.0 = Release|x86
		{7A678027-22B0-4989-8A87-8BD72FB0F04D}.AppStore|x86.Deploy.0 = Release|x86
		{7A678027-22B0-4989-8A87-8BD72FB0F04D}.Debug|Any CPU.ActiveCfg = Debug|x86
		{7A678027-22B0-4989-8A87-8BD72FB0F04D}.Debug|ARM.ActiveCfg = Debug|ARM
		{7A678027-22B0-4989-8A87-8BD72FB0F04D}.Debug|ARM.Build.0 = Debug|ARM
		{7A678027-22B0-4989-8A87-8BD72FB0F04D}.Debug|ARM.Deploy.0 = Debug|ARM
		{7A678027-22B0-4989-8A87-8BD72FB0F04D}.Debug|iPhone.ActiveCfg = Debug|x86
		{7A678027-22B0-4989-8A87-8BD72FB0F04D}.Debug|iPhoneSimulator.ActiveCfg = Debug|x86
		{7A678027-22B0-4989-8A87-8BD72FB0F04D}.Debug|x64.ActiveCfg = Debug|x64
		{7A678027-22B0-4989-8A87-8BD72FB0F04D}.Debug|x64.Build.0 = Debug|x64
		{7A678027-22B0-4989-8A87-8BD72FB0F04D}.Debug|x64.Deploy.0 = Debug|x64
		{7A678027-22B0-4989-8A87-8BD72FB0F04D}.Debug|x86.ActiveCfg = Debug|x86
		{7A678027-22B0-4989-8A87-8BD72FB0F04D}.Debug|x86.Build.0 = Debug|x86
		{7A678027-22B0-4989-8A87-8BD72FB0F04D}.Debug|x86.Deploy.0 = Debug|x86
		{7A678027-22B0-4989-8A87-8BD72FB0F04D}.Release|Any CPU.ActiveCfg = Release|x86
		{7A678027-22B0-4989-8A87-8BD72FB0F04D}.Release|ARM.ActiveCfg = Release|ARM
		{7A678027-22B0-4989-8A87-8BD72FB0F04D}.Release|ARM.Build.0 = Release|ARM
		{7A678027-22B0-4989-8A87-8BD72FB0F04D}.Release|ARM.Deploy.0 = Release|ARM
		{7A678027-22B0-4989-8A87-8BD72FB0F04D}.Release|iPhone.ActiveCfg = Release|x86
		{7A678027-22B0-4989-8A87-8BD72FB0F04D}.Release|iPhoneSimulator.ActiveCfg = Release|x86
		{7A678027-22B0-4989-8A87-8BD72FB0F04D}.Release|x64.ActiveCfg = Release|x64
		{7A678027-22B0-4989-8A87-8BD72FB0F04D}.Release|x64.Build.0 = Release|x64
		{7A678027-22B0-4989-8A87-8BD72FB0F04D}.Release|x64.Deploy.0 = Release|x64
		{7A678027-22B0-4989-8A87-8BD72FB0F04D}.Release|x86.ActiveCfg = Release|x86
		{7A678027-22B0-4989-8A87-8BD72FB0F04D}.Release|x86.Build.0 = Release|x86
		{7A678027-22B0-4989-8A87-8BD72FB0F04D}.Release|x86.Deploy.0 = Release|x86
	EndGlobalSection
	GlobalSection(SolutionProperties) = preSolution
		HideSolutionNode = FALSE
	EndGlobalSection
	GlobalSection(ExtensibilityGlobals) = postSolution
		SolutionGuid = {15C22FF1-8888-4956-A84B-5F58A4B58792}
	EndGlobalSection
EndGlobal
